
Microsoft Visual Studio Solution File, Format Version 12.00
# Visual Studio Version 17
VisualStudioVersion = 17.9.34622.214
MinimumVisualStudioVersion = 10.0.40219.1
Project("{FAE04EC0-301F-11D3-BF4B-00C04F79EFBC}") = "Bookkar", "Bookkar.csproj", "{8A222A95-1EA8-4269-85E2-A08BF35C411B}"
EndProject
Global
	GlobalSection(SolutionConfigurationPlatforms) = preSolution
		Debug|Any CPU = Debug|Any CPU
		Release|Any CPU = Release|Any CPU
	EndGlobalSection
	GlobalSection(ProjectConfigurationPlatforms) = postSolution
		{8A222A95-1EA8-4269-85E2-A08BF35C411B}.Debug|Any CPU.ActiveCfg = Debug|Any CPU
		{8A222A95-1EA8-4269-85E2-A08BF35C411B}.Debug|Any CPU.Build.0 = Debug|Any CPU
		{8A222A95-1EA8-4269-85E2-A08BF35C411B}.Release|Any CPU.ActiveCfg = Release|Any CPU
		{8A222A95-1EA8-4269-85E2-A08BF35C411B}.Release|Any CPU.Build.0 = Release|Any CPU
	EndGlobalSection
	GlobalSection(SolutionProperties) = preSolution
		HideSolutionNode = FALSE
	EndGlobalSection
	GlobalSection(ExtensibilityGlobals) = postSolution
		SolutionGuid = {B70DA1B1-4874-4083-BBD4-1E498C719174}
	EndGlobalSection
EndGlobal
